
Microsoft Visual Studio Solution File, Format Version 12.00
# Visual Studio Version 17
VisualStudioVersion = 17.9.34723.18
MinimumVisualStudioVersion = 10.0.40219.1
Project("{FAE04EC0-301F-11D3-BF4B-00C04F79EFBC}") = "ToolsCommercial", "ToolsCommercial.csproj", "{D491D2DD-9F99-44C7-8B32-4AE4114541AE}"
EndProject
Global
	GlobalSection(SolutionConfigurationPlatforms) = preSolution
		Debug|Any CPU = Debug|Any CPU
		Release|Any CPU = Release|Any CPU
	EndGlobalSection
	GlobalSection(ProjectConfigurationPlatforms) = postSolution
		{D491D2DD-9F99-44C7-8B32-4AE4114541AE}.Debug|Any CPU.ActiveCfg = Debug|Any CPU
		{D491D2DD-9F99-44C7-8B32-4AE4114541AE}.Debug|Any CPU.Build.0 = Debug|Any CPU
		{D491D2DD-9F99-44C7-8B32-4AE4114541AE}.Release|Any CPU.ActiveCfg = Release|Any CPU
		{D491D2DD-9F99-44C7-8B32-4AE4114541AE}.Release|Any CPU.Build.0 = Release|Any CPU
	EndGlobalSection
	GlobalSection(SolutionProperties) = preSolution
		HideSolutionNode = FALSE
	EndGlobalSection
	GlobalSection(ExtensibilityGlobals) = postSolution
		SolutionGuid = {13FCDD31-D48F-4322-8A80-EC90A857DF49}
	EndGlobalSection
EndGlobal
